
Microsoft Visual Studio Solution File, Format Version 12.00
# Visual Studio Version 16
VisualStudioVersion = 16.0.30907.101
MinimumVisualStudioVersion = 10.0.40219.1
Project("{FAE04EC0-301F-11D3-BF4B-00C04F79EFBC}") = "AccessingDatabaseAssignment", "AccessingDatabaseAssignment\AccessingDatabaseAssignment.csproj", "{65813400-FE35-40E2-969B-129A8E440DDC}"
EndProject
Global
	GlobalSection(SolutionConfigurationPlatforms) = preSolution
		Debug|Any CPU = Debug|Any CPU
		Release|Any CPU = Release|Any CPU
	EndGlobalSection
	GlobalSection(ProjectConfigurationPlatforms) = postSolution
		{65813400-FE35-40E2-969B-129A8E440DDC}.Debug|Any CPU.ActiveCfg = Debug|Any CPU
		{65813400-FE35-40E2-969B-129A8E440DDC}.Debug|Any CPU.Build.0 = Debug|Any CPU
		{65813400-FE35-40E2-969B-129A8E440DDC}.Release|Any CPU.ActiveCfg = Release|Any CPU
		{65813400-FE35-40E2-969B-129A8E440DDC}.Release|Any CPU.Build.0 = Release|Any CPU
	EndGlobalSection
	GlobalSection(SolutionProperties) = preSolution
		HideSolutionNode = FALSE
	EndGlobalSection
	GlobalSection(ExtensibilityGlobals) = postSolution
		SolutionGuid = {80241684-4FD8-4583-A153-13311834A4E0}
	EndGlobalSection
EndGlobal
