
Microsoft Visual Studio Solution File, Format Version 12.00
# Visual Studio Version 16
VisualStudioVersion = 16.0.30907.101
MinimumVisualStudioVersion = 10.0.40219.1
Project("{FAE04EC0-301F-11D3-BF4B-00C04F79EFBC}") = "ListBox Assignment", "ListBox Assignment\ListBox Assignment.csproj", "{2F5F88DD-ABBB-47AF-975F-47B9DEAF4F20}"
EndProject
Global
	GlobalSection(SolutionConfigurationPlatforms) = preSolution
		Debug|Any CPU = Debug|Any CPU
		Release|Any CPU = Release|Any CPU
	EndGlobalSection
	GlobalSection(ProjectConfigurationPlatforms) = postSolution
		{2F5F88DD-ABBB-47AF-975F-47B9DEAF4F20}.Debug|Any CPU.ActiveCfg = Debug|Any CPU
		{2F5F88DD-ABBB-47AF-975F-47B9DEAF4F20}.Debug|Any CPU.Build.0 = Debug|Any CPU
		{2F5F88DD-ABBB-47AF-975F-47B9DEAF4F20}.Release|Any CPU.ActiveCfg = Release|Any CPU
		{2F5F88DD-ABBB-47AF-975F-47B9DEAF4F20}.Release|Any CPU.Build.0 = Release|Any CPU
	EndGlobalSection
	GlobalSection(SolutionProperties) = preSolution
		HideSolutionNode = FALSE
	EndGlobalSection
	GlobalSection(ExtensibilityGlobals) = postSolution
		SolutionGuid = {3D3AF788-2D9F-4571-B98E-3A34ECF4208D}
	EndGlobalSection
EndGlobal
